
Microsoft Visual Studio Solution File, Format Version 12.00
# Visual Studio Version 16
VisualStudioVersion = 16.0.29806.167
MinimumVisualStudioVersion = 10.0.40219.1
Project("{9A19103F-16F7-4668-BE54-9A1E7A4F7556}") = "ChatAPI.App", "ChatAPI.App\ChatAPI.App.csproj", "{EC531181-133D-4069-8832-97ECF075F895}"
EndProject
Project("{FAE04EC0-301F-11D3-BF4B-00C04F79EFBC}") = "ChatAPI.Models", "ChatAPI.Models\ChatAPI.Models.csproj", "{2038732C-D1FD-4DA4-AA50-04BFDE6134F8}"
EndProject
Project("{FAE04EC0-301F-11D3-BF4B-00C04F79EFBC}") = "ChatAPI.Data", "ChatAPI.Data\ChatAPI.Data.csproj", "{0C9BEF68-7648-4F25-84E2-F061C6CCEF36}"
EndProject
Project("{FAE04EC0-301F-11D3-BF4B-00C04F79EFBC}") = "ChatAPI.Services", "ChatAPI.Services\ChatAPI.Services.csproj", "{74BD86B0-BC91-4261-9743-45ABBEBD9FE4}"
EndProject
Project("{FAE04EC0-301F-11D3-BF4B-00C04F79EFBC}") = "ChatAPI.Messaging", "ChatAPI.Messaging\ChatAPI.Messaging.csproj", "{5A00F5B6-10BE-414F-8EDF-D15C6F75CD90}"
EndProject
Global
	GlobalSection(SolutionConfigurationPlatforms) = preSolution
		Debug|Any CPU = Debug|Any CPU
		Release|Any CPU = Release|Any CPU
	EndGlobalSection
	GlobalSection(ProjectConfigurationPlatforms) = postSolution
		{EC531181-133D-4069-8832-97ECF075F895}.Debug|Any CPU.ActiveCfg = Debug|Any CPU
		{EC531181-133D-4069-8832-97ECF075F895}.Debug|Any CPU.Build.0 = Debug|Any CPU
		{EC531181-133D-4069-8832-97ECF075F895}.Release|Any CPU.ActiveCfg = Release|Any CPU
		{EC531181-133D-4069-8832-97ECF075F895}.Release|Any CPU.Build.0 = Release|Any CPU
		{2038732C-D1FD-4DA4-AA50-04BFDE6134F8}.Debug|Any CPU.ActiveCfg = Debug|Any CPU
		{2038732C-D1FD-4DA4-AA50-04BFDE6134F8}.Debug|Any CPU.Build.0 = Debug|Any CPU
		{2038732C-D1FD-4DA4-AA50-04BFDE6134F8}.Release|Any CPU.ActiveCfg = Release|Any CPU
		{2038732C-D1FD-4DA4-AA50-04BFDE6134F8}.Release|Any CPU.Build.0 = Release|Any CPU
		{0C9BEF68-7648-4F25-84E2-F061C6CCEF36}.Debug|Any CPU.ActiveCfg = Debug|Any CPU
		{0C9BEF68-7648-4F25-84E2-F061C6CCEF36}.Debug|Any CPU.Build.0 = Debug|Any CPU
		{0C9BEF68-7648-4F25-84E2-F061C6CCEF36}.Release|Any CPU.ActiveCfg = Release|Any CPU
		{0C9BEF68-7648-4F25-84E2-F061C6CCEF36}.Release|Any CPU.Build.0 = Release|Any CPU
		{74BD86B0-BC91-4261-9743-45ABBEBD9FE4}.Debug|Any CPU.ActiveCfg = Debug|Any CPU
		{74BD86B0-BC91-4261-9743-45ABBEBD9FE4}.Debug|Any CPU.Build.0 = Debug|Any CPU
		{74BD86B0-BC91-4261-9743-45ABBEBD9FE4}.Release|Any CPU.ActiveCfg = Release|Any CPU
		{74BD86B0-BC91-4261-9743-45ABBEBD9FE4}.Release|Any CPU.Build.0 = Release|Any CPU
		{5A00F5B6-10BE-414F-8EDF-D15C6F75CD90}.Debug|Any CPU.ActiveCfg = Debug|Any CPU
		{5A00F5B6-10BE-414F-8EDF-D15C6F75CD90}.Debug|Any CPU.Build.0 = Debug|Any CPU
		{5A00F5B6-10BE-414F-8EDF-D15C6F75CD90}.Release|Any CPU.ActiveCfg = Release|Any CPU
		{5A00F5B6-10BE-414F-8EDF-D15C6F75CD90}.Release|Any CPU.Build.0 = Release|Any CPU
	EndGlobalSection
	GlobalSection(SolutionProperties) = preSolution
		HideSolutionNode = FALSE
	EndGlobalSection
	GlobalSection(ExtensibilityGlobals) = postSolution
		SolutionGuid = {EC768961-A3AF-41D5-9F9C-43C3958A5306}
	EndGlobalSection
EndGlobal
