
Microsoft Visual Studio Solution File, Format Version 12.00
# Visual Studio Version 16
VisualStudioVersion = 16.0.29709.97
MinimumVisualStudioVersion = 10.0.40219.1
Project("{FAE04EC0-301F-11D3-BF4B-00C04F79EFBC}") = "AuthAPI.App", "AuthAPI.App\AuthAPI.App.csproj", "{453A361A-B878-4B83-93E3-6A09EB814C7B}"
EndProject
Global
	GlobalSection(SolutionConfigurationPlatforms) = preSolution
		Debug|Any CPU = Debug|Any CPU
		Release|Any CPU = Release|Any CPU
	EndGlobalSection
	GlobalSection(ProjectConfigurationPlatforms) = postSolution
		{453A361A-B878-4B83-93E3-6A09EB814C7B}.Debug|Any CPU.ActiveCfg = Debug|Any CPU
		{453A361A-B878-4B83-93E3-6A09EB814C7B}.Debug|Any CPU.Build.0 = Debug|Any CPU
		{453A361A-B878-4B83-93E3-6A09EB814C7B}.Release|Any CPU.ActiveCfg = Release|Any CPU
		{453A361A-B878-4B83-93E3-6A09EB814C7B}.Release|Any CPU.Build.0 = Release|Any CPU
	EndGlobalSection
	GlobalSection(SolutionProperties) = preSolution
		HideSolutionNode = FALSE
	EndGlobalSection
	GlobalSection(ExtensibilityGlobals) = postSolution
		SolutionGuid = {8F1D06B9-DDE5-41D6-8851-71F44E0C1CBD}
	EndGlobalSection
EndGlobal
