
Microsoft Visual Studio Solution File, Format Version 12.00
# Visual Studio Version 16
VisualStudioVersion = 16.0.29806.167
MinimumVisualStudioVersion = 10.0.40219.1
Project("{FAE04EC0-301F-11D3-BF4B-00C04F79EFBC}") = "BillingAPI.App", "BillingAPI.App\BillingAPI.App.csproj", "{1AE9FA12-0B2F-4406-9B75-EF69C5868C23}"
EndProject
Global
	GlobalSection(SolutionConfigurationPlatforms) = preSolution
		Debug|Any CPU = Debug|Any CPU
		Release|Any CPU = Release|Any CPU
	EndGlobalSection
	GlobalSection(ProjectConfigurationPlatforms) = postSolution
		{1AE9FA12-0B2F-4406-9B75-EF69C5868C23}.Debug|Any CPU.ActiveCfg = Debug|Any CPU
		{1AE9FA12-0B2F-4406-9B75-EF69C5868C23}.Debug|Any CPU.Build.0 = Debug|Any CPU
		{1AE9FA12-0B2F-4406-9B75-EF69C5868C23}.Release|Any CPU.ActiveCfg = Release|Any CPU
		{1AE9FA12-0B2F-4406-9B75-EF69C5868C23}.Release|Any CPU.Build.0 = Release|Any CPU
	EndGlobalSection
	GlobalSection(SolutionProperties) = preSolution
		HideSolutionNode = FALSE
	EndGlobalSection
	GlobalSection(ExtensibilityGlobals) = postSolution
		SolutionGuid = {64974E75-0AD8-4EAE-81D6-BB17A63ADD24}
	EndGlobalSection
EndGlobal
