
Microsoft Visual Studio Solution File, Format Version 12.00
# Visual Studio Version 16
VisualStudioVersion = 16.0.29709.97
MinimumVisualStudioVersion = 10.0.40219.1
Project("{9A19103F-16F7-4668-BE54-9A1E7A4F7556}") = "ImageAPI.App", "ImageAPI.App\ImageAPI.App.csproj", "{7487A519-584F-4618-B26E-43A320CE3003}"
EndProject
Project("{9A19103F-16F7-4668-BE54-9A1E7A4F7556}") = "ImageAPI.Services", "ImageAPI.Services\ImageAPI.Services.csproj", "{79345EE7-1C8B-4D63-BBBB-8F3FE948F3FD}"
EndProject
Project("{9A19103F-16F7-4668-BE54-9A1E7A4F7556}") = "ImageAPI.UnitTests", "ImageAPI.UnitTests\ImageAPI.UnitTests.csproj", "{DF5B069D-D9F0-45F5-BC6D-359C5FB5D396}"
EndProject
Project("{FAE04EC0-301F-11D3-BF4B-00C04F79EFBC}") = "ImageAPI.Models", "ImageAPI.Models\ImageAPI.Models.csproj", "{6A3F109C-5B27-4FA6-B19B-915810A3911E}"
EndProject
Global
	GlobalSection(SolutionConfigurationPlatforms) = preSolution
		Debug|Any CPU = Debug|Any CPU
		Release|Any CPU = Release|Any CPU
	EndGlobalSection
	GlobalSection(ProjectConfigurationPlatforms) = postSolution
		{7487A519-584F-4618-B26E-43A320CE3003}.Debug|Any CPU.ActiveCfg = Debug|Any CPU
		{7487A519-584F-4618-B26E-43A320CE3003}.Debug|Any CPU.Build.0 = Debug|Any CPU
		{7487A519-584F-4618-B26E-43A320CE3003}.Release|Any CPU.ActiveCfg = Release|Any CPU
		{7487A519-584F-4618-B26E-43A320CE3003}.Release|Any CPU.Build.0 = Release|Any CPU
		{79345EE7-1C8B-4D63-BBBB-8F3FE948F3FD}.Debug|Any CPU.ActiveCfg = Debug|Any CPU
		{79345EE7-1C8B-4D63-BBBB-8F3FE948F3FD}.Debug|Any CPU.Build.0 = Debug|Any CPU
		{79345EE7-1C8B-4D63-BBBB-8F3FE948F3FD}.Release|Any CPU.ActiveCfg = Release|Any CPU
		{79345EE7-1C8B-4D63-BBBB-8F3FE948F3FD}.Release|Any CPU.Build.0 = Release|Any CPU
		{DF5B069D-D9F0-45F5-BC6D-359C5FB5D396}.Debug|Any CPU.ActiveCfg = Debug|Any CPU
		{DF5B069D-D9F0-45F5-BC6D-359C5FB5D396}.Debug|Any CPU.Build.0 = Debug|Any CPU
		{DF5B069D-D9F0-45F5-BC6D-359C5FB5D396}.Release|Any CPU.ActiveCfg = Release|Any CPU
		{DF5B069D-D9F0-45F5-BC6D-359C5FB5D396}.Release|Any CPU.Build.0 = Release|Any CPU
		{6A3F109C-5B27-4FA6-B19B-915810A3911E}.Debug|Any CPU.ActiveCfg = Debug|Any CPU
		{6A3F109C-5B27-4FA6-B19B-915810A3911E}.Debug|Any CPU.Build.0 = Debug|Any CPU
		{6A3F109C-5B27-4FA6-B19B-915810A3911E}.Release|Any CPU.ActiveCfg = Release|Any CPU
		{6A3F109C-5B27-4FA6-B19B-915810A3911E}.Release|Any CPU.Build.0 = Release|Any CPU
	EndGlobalSection
	GlobalSection(SolutionProperties) = preSolution
		HideSolutionNode = FALSE
	EndGlobalSection
	GlobalSection(ExtensibilityGlobals) = postSolution
		SolutionGuid = {D09A017B-413F-41E8-B8D5-4E23126BE7EE}
	EndGlobalSection
EndGlobal
